
Microsoft Visual Studio Solution File, Format Version 12.00
# Visual Studio Version 16
VisualStudioVersion = 16.0.30114.105
MinimumVisualStudioVersion = 10.0.40219.1
Project("{FAE04EC0-301F-11D3-BF4B-00C04F79EFBC}") = "DesafioDotNet.Application", "DesafioDotNet.Application\DesafioDotNet.Application.csproj", "{0C25823C-5559-4DD3-A717-DE41CA63F24C}"
EndProject
Project("{FAE04EC0-301F-11D3-BF4B-00C04F79EFBC}") = "DesafioDotNet.API", "DesafioDotNet.API\DesafioDotNet.API.csproj", "{6425F901-773B-4337-A807-B9A915443F59}"
EndProject
Project("{FAE04EC0-301F-11D3-BF4B-00C04F79EFBC}") = "DesafioDotNet.Domain", "DesafioDotNet.Domain\DesafioDotNet.Domain.csproj", "{D0E05169-6EDD-44FB-8C56-DA4885577634}"
EndProject
Project("{FAE04EC0-301F-11D3-BF4B-00C04F79EFBC}") = "DesafioDotNet.Persistence", "DesafioDotNet.Persistence\DesafioDotNet.Persistence.csproj", "{C5784535-F32D-438D-A41C-F87A33C2C986}"
EndProject
Global
	GlobalSection(SolutionConfigurationPlatforms) = preSolution
		Debug|Any CPU = Debug|Any CPU
		Debug|x64 = Debug|x64
		Debug|x86 = Debug|x86
		Release|Any CPU = Release|Any CPU
		Release|x64 = Release|x64
		Release|x86 = Release|x86
	EndGlobalSection
	GlobalSection(SolutionProperties) = preSolution
		HideSolutionNode = FALSE
	EndGlobalSection
	GlobalSection(ProjectConfigurationPlatforms) = postSolution
		{0C25823C-5559-4DD3-A717-DE41CA63F24C}.Debug|Any CPU.ActiveCfg = Debug|Any CPU
		{0C25823C-5559-4DD3-A717-DE41CA63F24C}.Debug|Any CPU.Build.0 = Debug|Any CPU
		{0C25823C-5559-4DD3-A717-DE41CA63F24C}.Debug|x64.ActiveCfg = Debug|Any CPU
		{0C25823C-5559-4DD3-A717-DE41CA63F24C}.Debug|x64.Build.0 = Debug|Any CPU
		{0C25823C-5559-4DD3-A717-DE41CA63F24C}.Debug|x86.ActiveCfg = Debug|Any CPU
		{0C25823C-5559-4DD3-A717-DE41CA63F24C}.Debug|x86.Build.0 = Debug|Any CPU
		{0C25823C-5559-4DD3-A717-DE41CA63F24C}.Release|Any CPU.ActiveCfg = Release|Any CPU
		{0C25823C-5559-4DD3-A717-DE41CA63F24C}.Release|Any CPU.Build.0 = Release|Any CPU
		{0C25823C-5559-4DD3-A717-DE41CA63F24C}.Release|x64.ActiveCfg = Release|Any CPU
		{0C25823C-5559-4DD3-A717-DE41CA63F24C}.Release|x64.Build.0 = Release|Any CPU
		{0C25823C-5559-4DD3-A717-DE41CA63F24C}.Release|x86.ActiveCfg = Release|Any CPU
		{0C25823C-5559-4DD3-A717-DE41CA63F24C}.Release|x86.Build.0 = Release|Any CPU
		{6425F901-773B-4337-A807-B9A915443F59}.Debug|Any CPU.ActiveCfg = Debug|Any CPU
		{6425F901-773B-4337-A807-B9A915443F59}.Debug|Any CPU.Build.0 = Debug|Any CPU
		{6425F901-773B-4337-A807-B9A915443F59}.Debug|x64.ActiveCfg = Debug|Any CPU
		{6425F901-773B-4337-A807-B9A915443F59}.Debug|x64.Build.0 = Debug|Any CPU
		{6425F901-773B-4337-A807-B9A915443F59}.Debug|x86.ActiveCfg = Debug|Any CPU
		{6425F901-773B-4337-A807-B9A915443F59}.Debug|x86.Build.0 = Debug|Any CPU
		{6425F901-773B-4337-A807-B9A915443F59}.Release|Any CPU.ActiveCfg = Release|Any CPU
		{6425F901-773B-4337-A807-B9A915443F59}.Release|Any CPU.Build.0 = Release|Any CPU
		{6425F901-773B-4337-A807-B9A915443F59}.Release|x64.ActiveCfg = Release|Any CPU
		{6425F901-773B-4337-A807-B9A915443F59}.Release|x64.Build.0 = Release|Any CPU
		{6425F901-773B-4337-A807-B9A915443F59}.Release|x86.ActiveCfg = Release|Any CPU
		{6425F901-773B-4337-A807-B9A915443F59}.Release|x86.Build.0 = Release|Any CPU
		{D0E05169-6EDD-44FB-8C56-DA4885577634}.Debug|Any CPU.ActiveCfg = Debug|Any CPU
		{D0E05169-6EDD-44FB-8C56-DA4885577634}.Debug|Any CPU.Build.0 = Debug|Any CPU
		{D0E05169-6EDD-44FB-8C56-DA4885577634}.Debug|x64.ActiveCfg = Debug|Any CPU
		{D0E05169-6EDD-44FB-8C56-DA4885577634}.Debug|x64.Build.0 = Debug|Any CPU
		{D0E05169-6EDD-44FB-8C56-DA4885577634}.Debug|x86.ActiveCfg = Debug|Any CPU
		{D0E05169-6EDD-44FB-8C56-DA4885577634}.Debug|x86.Build.0 = Debug|Any CPU
		{D0E05169-6EDD-44FB-8C56-DA4885577634}.Release|Any CPU.ActiveCfg = Release|Any CPU
		{D0E05169-6EDD-44FB-8C56-DA4885577634}.Release|Any CPU.Build.0 = Release|Any CPU
		{D0E05169-6EDD-44FB-8C56-DA4885577634}.Release|x64.ActiveCfg = Release|Any CPU
		{D0E05169-6EDD-44FB-8C56-DA4885577634}.Release|x64.Build.0 = Release|Any CPU
		{D0E05169-6EDD-44FB-8C56-DA4885577634}.Release|x86.ActiveCfg = Release|Any CPU
		{D0E05169-6EDD-44FB-8C56-DA4885577634}.Release|x86.Build.0 = Release|Any CPU
		{C5784535-F32D-438D-A41C-F87A33C2C986}.Debug|Any CPU.ActiveCfg = Debug|Any CPU
		{C5784535-F32D-438D-A41C-F87A33C2C986}.Debug|Any CPU.Build.0 = Debug|Any CPU
		{C5784535-F32D-438D-A41C-F87A33C2C986}.Debug|x64.ActiveCfg = Debug|Any CPU
		{C5784535-F32D-438D-A41C-F87A33C2C986}.Debug|x64.Build.0 = Debug|Any CPU
		{C5784535-F32D-438D-A41C-F87A33C2C986}.Debug|x86.ActiveCfg = Debug|Any CPU
		{C5784535-F32D-438D-A41C-F87A33C2C986}.Debug|x86.Build.0 = Debug|Any CPU
		{C5784535-F32D-438D-A41C-F87A33C2C986}.Release|Any CPU.ActiveCfg = Release|Any CPU
		{C5784535-F32D-438D-A41C-F87A33C2C986}.Release|Any CPU.Build.0 = Release|Any CPU
		{C5784535-F32D-438D-A41C-F87A33C2C986}.Release|x64.ActiveCfg = Release|Any CPU
		{C5784535-F32D-438D-A41C-F87A33C2C986}.Release|x64.Build.0 = Release|Any CPU
		{C5784535-F32D-438D-A41C-F87A33C2C986}.Release|x86.ActiveCfg = Release|Any CPU
		{C5784535-F32D-438D-A41C-F87A33C2C986}.Release|x86.Build.0 = Release|Any CPU
	EndGlobalSection
EndGlobal
